
Microsoft Visual Studio Solution File, Format Version 12.00
# Visual Studio Version 17
VisualStudioVersion = 17.14.36414.22 d17.14
MinimumVisualStudioVersion = 10.0.40219.1
Project("{FAE04EC0-301F-11D3-BF4B-00C04F79EFBC}") = "MDK0401Pr2", "MDK0401Pr2.csproj", "{1491580E-2EAC-4DAE-863D-12096B62DB23}"
EndProject
Global
	GlobalSection(SolutionConfigurationPlatforms) = preSolution
		Debug|Any CPU = Debug|Any CPU
		Release|Any CPU = Release|Any CPU
	EndGlobalSection
	GlobalSection(ProjectConfigurationPlatforms) = postSolution
		{1491580E-2EAC-4DAE-863D-12096B62DB23}.Debug|Any CPU.ActiveCfg = Debug|Any CPU
		{1491580E-2EAC-4DAE-863D-12096B62DB23}.Debug|Any CPU.Build.0 = Debug|Any CPU
		{1491580E-2EAC-4DAE-863D-12096B62DB23}.Release|Any CPU.ActiveCfg = Release|Any CPU
		{1491580E-2EAC-4DAE-863D-12096B62DB23}.Release|Any CPU.Build.0 = Release|Any CPU
	EndGlobalSection
	GlobalSection(SolutionProperties) = preSolution
		HideSolutionNode = FALSE
	EndGlobalSection
	GlobalSection(ExtensibilityGlobals) = postSolution
		SolutionGuid = {EEEB0E86-5C34-492F-A894-7780B8D23FB4}
	EndGlobalSection
EndGlobal
